
Microsoft Visual Studio Solution File, Format Version 12.00
# Visual Studio Version 17
VisualStudioVersion = 17.14.36121.58 d17.14
MinimumVisualStudioVersion = 10.0.40219.1
Project("{FAE04EC0-301F-11D3-BF4B-00C04F79EFBC}") = "Datenstrukturen", "Datenstrukturen.csproj", "{4D7447B4-5C50-46D5-BE83-A9301BD58647}"
EndProject
Global
	GlobalSection(SolutionConfigurationPlatforms) = preSolution
		Debug|Any CPU = Debug|Any CPU
		Release|Any CPU = Release|Any CPU
	EndGlobalSection
	GlobalSection(ProjectConfigurationPlatforms) = postSolution
		{4D7447B4-5C50-46D5-BE83-A9301BD58647}.Debug|Any CPU.ActiveCfg = Debug|Any CPU
		{4D7447B4-5C50-46D5-BE83-A9301BD58647}.Debug|Any CPU.Build.0 = Debug|Any CPU
		{4D7447B4-5C50-46D5-BE83-A9301BD58647}.Release|Any CPU.ActiveCfg = Release|Any CPU
		{4D7447B4-5C50-46D5-BE83-A9301BD58647}.Release|Any CPU.Build.0 = Release|Any CPU
	EndGlobalSection
	GlobalSection(SolutionProperties) = preSolution
		HideSolutionNode = FALSE
	EndGlobalSection
	GlobalSection(ExtensibilityGlobals) = postSolution
		SolutionGuid = {6A150248-131B-4C32-AC76-A79219B5ABE1}
	EndGlobalSection
EndGlobal
