
Microsoft Visual Studio Solution File, Format Version 12.00
# Visual Studio Version 17
VisualStudioVersion = 17.14.36121.58 d17.14
MinimumVisualStudioVersion = 10.0.40219.1
Project("{FAE04EC0-301F-11D3-BF4B-00C04F79EFBC}") = "Common", "Common.csproj", "{5C22B47F-7E0C-4774-81F9-9D515D6CB274}"
EndProject
Global
	GlobalSection(SolutionConfigurationPlatforms) = preSolution
		Debug|Any CPU = Debug|Any CPU
		Release|Any CPU = Release|Any CPU
	EndGlobalSection
	GlobalSection(ProjectConfigurationPlatforms) = postSolution
		{5C22B47F-7E0C-4774-81F9-9D515D6CB274}.Debug|Any CPU.ActiveCfg = Debug|Any CPU
		{5C22B47F-7E0C-4774-81F9-9D515D6CB274}.Debug|Any CPU.Build.0 = Debug|Any CPU
		{5C22B47F-7E0C-4774-81F9-9D515D6CB274}.Release|Any CPU.ActiveCfg = Release|Any CPU
		{5C22B47F-7E0C-4774-81F9-9D515D6CB274}.Release|Any CPU.Build.0 = Release|Any CPU
	EndGlobalSection
	GlobalSection(SolutionProperties) = preSolution
		HideSolutionNode = FALSE
	EndGlobalSection
	GlobalSection(ExtensibilityGlobals) = postSolution
		SolutionGuid = {552CBE4E-9076-4064-AE42-F245F45EF435}
	EndGlobalSection
EndGlobal
